// !$*UTF8*$!
{
	archiveVersion = 1;
	classes = {
	};
	objectVersion = 46;
	objects = {

/* Begin PBXBuildFile section */
		97A1A0141B84B00500C8E93F /* main.m in Sources */ = {isa = PBXBuildFile; fileRef = 97A1A0131B84B00500C8E93F /* main.m */; };
		97A1A0171B84B00500C8E93F /* AppDelegate.m in Sources */ = {isa = PBXBuildFile; fileRef = 97A1A0161B84B00500C8E93F /* AppDelegate.m */; };
		97A1A01A1B84B00500C8E93F /* MasterViewController.m in Sources */ = {isa = PBXBuildFile; fileRef = 97A1A0191B84B00500C8E93F /* MasterViewController.m */; };
		97A1A01D1B84B00500C8E93F /* DetailViewController.m in Sources */ = {isa = PBXBuildFile; fileRef = 97A1A01C1B84B00500C8E93F /* DetailViewController.m */; };
		97A1A0201B84B00500C8E93F /* Main.storyboard in Resources */ = {isa = PBXBuildFile; fileRef = 97A1A01E1B84B00500C8E93F /* Main.storyboard */; };
		97A1A0221B84B00500C8E93F /* Images.xcassets in Resources */ = {isa = PBXBuildFile; fileRef = 97A1A0211B84B00500C8E93F /* Images.xcassets */; };
		97A1A0251B84B00500C8E93F /* LaunchScreen.xib in Resources */ = {isa = PBXBuildFile; fileRef = 97A1A0231B84B00500C8E93F /* LaunchScreen.xib */; };
		97A1A0311B84B00500C8E93F /* tableViewDemoTests.m in Sources */ = {isa = PBXBuildFile; fileRef = 97A1A0301B84B00500C8E93F /* tableViewDemoTests.m */; };
/* End PBXBuildFile section */

/* Begin PBXContainerItemProxy section */
		97A1A02B1B84B00500C8E93F /* PBXContainerItemProxy */ = {
			isa = PBXContainerItemProxy;
			containerPortal = 97A1A0061B84B00500C8E93F /* Project object */;
			proxyType = 1;
			remoteGlobalIDString = 97A1A00D1B84B00500C8E93F;
			remoteInfo = tableViewDemo;
		};
/* End PBXContainerItemProxy section */

/* Begin PBXFileReference section */
		97A1A00E1B84B00500C8E93F /* tableViewDemo.app */ = {isa = PBXFileReference; explicitFileType = wrapper.application; includeInIndex = 0; path = tableViewDemo.app; sourceTree = BUILT_PRODUCTS_DIR; };
		97A1A0121B84B00500C8E93F /* Info.plist */ = {isa = PBXFileReference; lastKnownFileType = text.plist.xml; path = Info.plist; sourceTree = "<group>"; };
		97A1A0131B84B00500C8E93F /* main.m */ = {isa = PBXFileReference; lastKnownFileType = sourcecode.c.objc; path = main.m; sourceTree = "<group>"; };
		97A1A0151B84B00500C8E93F /* AppDelegate.h */ = {isa = PBXFileReference; lastKnownFileType = sourcecode.c.h; path = AppDelegate.h; sourceTree = "<group>"; };
		97A1A0161B84B00500C8E93F /* AppDelegate.m */ = {isa = PBXFileReference; lastKnownFileType = sourcecode.c.objc; path = AppDelegate.m; sourceTree = "<group>"; };
		97A1A0181B84B00500C8E93F /* MasterViewController.h */ = {isa = PBXFileReference; lastKnownFileType = sourcecode.c.h; path = MasterViewController.h; sourceTree = "<group>"; };
		97A1A0191B84B00500C8E93F /* MasterViewController.m */ = {isa = PBXFileReference; lastKnownFileType = sourcecode.c.objc; path = MasterViewController.m; sourceTree = "<group>"; };
		97A1A01B1B84B00500C8E93F /* DetailViewController.h */ = {isa = PBXFileReference; lastKnownFileType = sourcecode.c.h; path = DetailViewController.h; sourceTree = "<group>"; };
		97A1A01C1B84B00500C8E93F /* DetailViewController.m */ = {isa = PBXFileReference; lastKnownFileType = sourcecode.c.objc; path = DetailViewController.m; sourceTree = "<group>"; };
		97A1A01F1B84B00500C8E93F /* Base */ = {isa = PBXFileReference; lastKnownFileType = file.storyboard; name = Base; path = Base.lproj/Main.storyboard; sourceTree = "<group>"; };
		97A1A0211B84B00500C8E93F /* Images.xcassets */ = {isa = PBXFileReference; lastKnownFileType = folder.assetcatalog; path = Images.xcassets; sourceTree = "<group>"; };
		97A1A0241B84B00500C8E93F /* Base */ = {isa = PBXFileReference; lastKnownFileType = file.xib; name = Base; path = Base.lproj/LaunchScreen.xib; sourceTree = "<group>"; };
		97A1A02A1B84B00500C8E93F /* tableViewDemoTests.xctest */ = {isa = PBXFileReference; explicitFileType = wrapper.cfbundle; includeInIndex = 0; path = tableViewDemoTests.xctest; sourceTree = BUILT_PRODUCTS_DIR; };
		97A1A02F1B84B00500C8E93F /* Info.plist */ = {isa = PBXFileReference; lastKnownFileType = text.plist.xml; path = Info.plist; sourceTree = "<group>"; };
		97A1A0301B84B00500C8E93F /* tableViewDemoTests.m */ = {isa = PBXFileReference; lastKnownFileType = sourcecode.c.objc; path = tableViewDemoTests.m; sourceTree = "<group>"; };
/* End PBXFileReference section */

/* Begin PBXFrameworksBuildPhase section */
		97A1A00B1B84B00500C8E93F /* Frameworks */ = {
			isa = PBXFrameworksBuildPhase;
			buildActionMask = 2147483647;
			files = (
			);
			runOnlyForDeploymentPostprocessing = 0;
		};
		97A1A0271B84B00500C8E93F /* Frameworks */ = {
			isa = PBXFrameworksBuildPhase;
			buildActionMask = 2147483647;
			files = (
			);
			runOnlyForDeploymentPostprocessing = 0;
		};
/* End PBXFrameworksBuildPhase section */

/* Begin PBXGroup section */
		97A1A0051B84B00500C8E93F = {
			isa = PBXGroup;
			children = (
				97A1A0101B84B00500C8E93F /* tableViewDemo */,
				97A1A02D1B84B00500C8E93F /* tableViewDemoTests */,
				97A1A00F1B84B00500C8E93F /* Products */,
			);
			sourceTree = "<group>";
		};
		97A1A00F1B84B00500C8E93F /* Products */ = {
			isa = PBXGroup;
			children = (
				97A1A00E1B84B00500C8E93F /* tableViewDemo.app */,
				97A1A02A1B84B00500C8E93F /* tableViewDemoTests.xctest */,
			);
			name = Products;
			sourceTree = "<group>";
		};
		97A1A0101B84B00500C8E93F /* tableViewDemo */ = {
			isa = PBXGroup;
			children = (
				97A1A0151B84B00500C8E93F /* AppDelegate.h */,
				97A1A0161B84B00500C8E93F /* AppDelegate.m */,
				97A1A0181B84B00500C8E93F /* MasterViewController.h */,
				97A1A0191B84B00500C8E93F /* MasterViewController.m */,
				97A1A01B1B84B00500C8E93F /* DetailViewController.h */,
				97A1A01C1B84B00500C8E93F /* DetailViewController.m */,
				97A1A01E1B84B00500C8E93F /* Main.storyboard */,
				97A1A0211B84B00500C8E93F /* Images.xcassets */,
				97A1A0231B84B00500C8E93F /* LaunchScreen.xib */,
				97A1A0111B84B00500C8E93F /* Supporting Files */,
			);
			path = tableViewDemo;
			sourceTree = "<group>";
		};
		97A1A0111B84B00500C8E93F /* Supporting Files */ = {
			isa = PBXGroup;
			children = (
				97A1A0121B84B00500C8E93F /* Info.plist */,
				97A1A0131B84B00500C8E93F /* main.m */,
			);
			name = "Supporting Files";
			sourceTree = "<group>";
		};
		97A1A02D1B84B00500C8E93F /* tableViewDemoTests */ = {
			isa = PBXGroup;
			children = (
				97A1A0301B84B00500C8E93F /* tableViewDemoTests.m */,
				97A1A02E1B84B00500C8E93F /* Supporting Files */,
			);
			path = tableViewDemoTests;
			sourceTree = "<group>";
		};
		97A1A02E1B84B00500C8E93F /* Supporting Files */ = {
			isa = PBXGroup;
			children = (
				97A1A02F1B84B00500C8E93F /* Info.plist */,
			);
			name = "Supporting Files";
			sourceTree = "<group>";
		};
/* End PBXGroup section */

/* Begin PBXNativeTarget section */
		97A1A00D1B84B00500C8E93F /* tableViewDemo */ = {
			isa = PBXNativeTarget;
			buildConfigurationList = 97A1A0341B84B00500C8E93F /* Build configuration list for PBXNativeTarget "tableViewDemo" */;
			buildPhases = (
				97A1A00A1B84B00500C8E93F /* Sources */,
				97A1A00B1B84B00500C8E93F /* Frameworks */,
				97A1A00C1B84B00500C8E93F /* Resources */,
			);
			buildRules = (
			);
			dependencies = (
			);
			name = tableViewDemo;
			productName = tableViewDemo;
			productReference = 97A1A00E1B84B00500C8E93F /* tableViewDemo.app */;
			productType = "com.apple.product-type.application";
		};
		97A1A0291B84B00500C8E93F /* tableViewDemoTests */ = {
			isa = PBXNativeTarget;
			buildConfigurationList = 97A1A0371B84B00500C8E93F /* Build configuration list for PBXNativeTarget "tableViewDemoTests" */;
			buildPhases = (
				97A1A0261B84B00500C8E93F /* Sources */,
				97A1A0271B84B00500C8E93F /* Frameworks */,
				97A1A0281B84B00500C8E93F /* Resources */,
			);
			buildRules = (
			);
			dependencies = (
				97A1A02C1B84B00500C8E93F /* PBXTargetDependency */,
			);
			name = tableViewDemoTests;
			productName = tableViewDemoTests;
			productReference = 97A1A02A1B84B00500C8E93F /* tableViewDemoTests.xctest */;
			productType = "com.apple.product-type.bundle.unit-test";
		};
/* End PBXNativeTarget section */

/* Begin PBXProject section */
		97A1A0061B84B00500C8E93F /* Project object */ = {
			isa = PBXProject;
			attributes = {
				LastUpgradeCheck = 0640;
				ORGANIZATIONNAME = MAC_AO;
				TargetAttributes = {
					97A1A00D1B84B00500C8E93F = {
						CreatedOnToolsVersion = 6.4;
					};
					97A1A0291B84B00500C8E93F = {
						CreatedOnToolsVersion = 6.4;
						TestTargetID = 97A1A00D1B84B00500C8E93F;
					};
				};
			};
			buildConfigurationList = 97A1A0091B84B00500C8E93F /* Build configuration list for PBXProject "tableViewDemo" */;
			compatibilityVersion = "Xcode 3.2";
			developmentRegion = English;
			hasScannedForEncodings = 0;
			knownRegions = (
				en,
				Base,
			);
			mainGroup = 97A1A0051B84B00500C8E93F;
			productRefGroup = 97A1A00F1B84B00500C8E93F /* Products */;
			projectDirPath = "";
			projectRoot = "";
			targets = (
				97A1A00D1B84B00500C8E93F /* tableViewDemo */,
				97A1A0291B84B00500C8E93F /* tableViewDemoTests */,
			);
		};
/* End PBXProject section */

/* Begin PBXResourcesBuildPhase section */
		97A1A00C1B84B00500C8E93F /* Resources */ = {
			isa = PBXResourcesBuildPhase;
			buildActionMask = 2147483647;
			files = (
				97A1A0201B84B00500C8E93F /* Main.storyboard in Resources */,
				97A1A0251B84B00500C8E93F /* LaunchScreen.xib in Resources */,
				97A1A0221B84B00500C8E93F /* Images.xcassets in Resources */,
			);
			runOnlyForDeploymentPostprocessing = 0;
		};
		97A1A0281B84B00500C8E93F /* Resources */ = {
			isa = PBXResourcesBuildPhase;
			buildActionMask = 2147483647;
			files = (
			);
			runOnlyForDeploymentPostprocessing = 0;
		};
/* End PBXResourcesBuildPhase section */

/* Begin PBXSourcesBuildPhase section */
		97A1A00A1B84B00500C8E93F /* Sources */ = {
			isa = PBXSourcesBuildPhase;
			buildActionMask = 2147483647;
			files = (
				97A1A0171B84B00500C8E93F /* AppDelegate.m in Sources */,
				97A1A01A1B84B00500C8E93F /* MasterViewController.m in Sources */,
				97A1A0141B84B00500C8E93F /* main.m in Sources */,
				97A1A01D1B84B00500C8E93F /* DetailViewController.m in Sources */,
			);
			runOnlyForDeploymentPostprocessing = 0;
		};
		97A1A0261B84B00500C8E93F /* Sources */ = {
			isa = PBXSourcesBuildPhase;
			buildActionMask = 2147483647;
			files = (
				97A1A0311B84B00500C8E93F /* tableViewDemoTests.m in Sources */,
			);
			runOnlyForDeploymentPostprocessing = 0;
		};
/* End PBXSourcesBuildPhase section */

/* Begin PBXTargetDependency section */
		97A1A02C1B84B00500C8E93F /* PBXTargetDependency */ = {
			isa = PBXTargetDependency;
			target = 97A1A00D1B84B00500C8E93F /* tableViewDemo */;
			targetProxy = 97A1A02B1B84B00500C8E93F /* PBXContainerItemProxy */;
		};
/* End PBXTargetDependency section */

/* Begin PBXVariantGroup section */
		97A1A01E1B84B00500C8E93F /* Main.storyboard */ = {
			isa = PBXVariantGroup;
			children = (
				97A1A01F1B84B00500C8E93F /* Base */,
			);
			name = Main.storyboard;
			sourceTree = "<group>";
		};
		97A1A0231B84B00500C8E93F /* LaunchScreen.xib */ = {
			isa = PBXVariantGroup;
			children = (
				97A1A0241B84B00500C8E93F /* Base */,
			);
			name = LaunchScreen.xib;
			sourceTree = "<group>";
		};
/* End PBXVariantGroup section */

/* Begin XCBuildConfiguration section */
		97A1A0321B84B00500C8E93F /* Debug */ = {
			isa = XCBuildConfiguration;
			buildSettings = {
				ALWAYS_SEARCH_USER_PATHS = NO;
				CLANG_CXX_LANGUAGE_STANDARD = "gnu++0x";
				CLANG_CXX_LIBRARY = "libc++";
				CLANG_ENABLE_MODULES = YES;
				CLANG_ENABLE_OBJC_ARC = YES;
				CLANG_WARN_BOOL_CONVERSION = YES;
				CLANG_WARN_CONSTANT_CONVERSION = YES;
				CLANG_WARN_DIRECT_OBJC_ISA_USAGE = YES_ERROR;
				CLANG_WARN_EMPTY_BODY = YES;
				CLANG_WARN_ENUM_CONVERSION = YES;
				CLANG_WARN_INT_CONVERSION = YES;
				CLANG_WARN_OBJC_ROOT_CLASS = YES_ERROR;
				CLANG_WARN_UNREACHABLE_CODE = YES;
				CLANG_WARN__DUPLICATE_METHOD_MATCH = YES;
				"CODE_SIGN_IDENTITY[sdk=iphoneos*]" = "iPhone Developer";
				COPY_PHASE_STRIP = NO;
				DEBUG_INFORMATION_FORMAT = "dwarf-with-dsym";
				ENABLE_STRICT_OBJC_MSGSEND = YES;
				GCC_C_LANGUAGE_STANDARD = gnu99;
				GCC_DYNAMIC_NO_PIC = NO;
				GCC_NO_COMMON_BLOCKS = YES;
				GCC_OPTIMIZATION_LEVEL = 0;
				GCC_PREPROCESSOR_DEFINITIONS = (
					"DEBUG=1",
					"$(inherited)",
				);
				GCC_SYMBOLS_PRIVATE_EXTERN = NO;
				GCC_WARN_64_TO_32_BIT_CONVERSION = YES;
				GCC_WARN_ABOUT_RETURN_TYPE = YES_ERROR;
				GCC_WARN_UNDECLARED_SELECTOR = YES;
				GCC_WARN_UNINITIALIZED_AUTOS = YES_AGGRESSIVE;
				GCC_WARN_UNUSED_FUNCTION = YES;
				GCC_WARN_UNUSED_VARIABLE = YES;
				IPHONEOS_DEPLOYMENT_TARGET = 8.4;
				MTL_ENABLE_DEBUG_INFO = YES;
				ONLY_ACTIVE_ARCH = YES;
				SDKROOT = iphoneos;
				TARGETED_DEVICE_FAMILY = "1,2";
			};
			name = Debug;
		};
		97A1A0331B84B00500C8E93F /* Release */ = {
			isa = XCBuildConfiguration;
			buildSettings = {
				ALWAYS_SEARCH_USER_PATHS = NO;
				CLANG_CXX_LANGUAGE_STANDARD = "gnu++0x";
				CLANG_CXX_LIBRARY = "libc++";
				CLANG_ENABLE_MODULES = YES;
				CLANG_ENABLE_OBJC_ARC = YES;
				CLANG_WARN_BOOL_CONVERSION = YES;
				CLANG_WARN_CONSTANT_CONVERSION = YES;
				CLANG_WARN_DIRECT_OBJC_ISA_USAGE = YES_ERROR;
				CLANG_WARN_EMPTY_BODY = YES;
				CLANG_WARN_ENUM_CONVERSION = YES;
				CLANG_WARN_INT_CONVERSION = YES;
				CLANG_WARN_OBJC_ROOT_CLASS = YES_ERROR;
				CLANG_WARN_UNREACHABLE_CODE = YES;
				CLANG_WARN__DUPLICATE_METHOD_MATCH = YES;
				"CODE_SIGN_IDENTITY[sdk=iphoneos*]" = "iPhone Developer";
				COPY_PHASE_STRIP = NO;
				DEBUG_INFORMATION_FORMAT = "dwarf-with-dsym";
				ENABLE_NS_ASSERTIONS = NO;
				ENABLE_STRICT_OBJC_MSGSEND = YES;
				GCC_C_LANGUAGE_STANDARD = gnu99;
				GCC_NO_COMMON_BLOCKS = YES;
				GCC_WARN_64_TO_32_BIT_CONVERSION = YES;
				GCC_WARN_ABOUT_RETURN_TYPE = YES_ERROR;
				GCC_WARN_UNDECLARED_SELECTOR = YES;
				GCC_WARN_UNINITIALIZED_AUTOS = YES_AGGRESSIVE;
				GCC_WARN_UNUSED_FUNCTION = YES;
				GCC_WARN_UNUSED_VARIABLE = YES;
				IPHONEOS_DEPLOYMENT_TARGET = 8.4;
				MTL_ENABLE_DEBUG_INFO = NO;
				SDKROOT = iphoneos;
				TARGETED_DEVICE_FAMILY = "1,2";
				VALIDATE_PRODUCT = YES;
			};
			name = Release;
		};
		97A1A0351B84B00500C8E93F /* Debug */ = {
			isa = XCBuildConfiguration;
			buildSettings = {
				ASSETCATALOG_COMPILER_APPICON_NAME = AppIcon;
				INFOPLIST_FILE = tableViewDemo/Info.plist;
				LD_RUNPATH_SEARCH_PATHS = "$(inherited) @executable_path/Frameworks";
				PRODUCT_NAME = "$(TARGET_NAME)";
			};
			name = Debug;
		};
		97A1A0361B84B00500C8E93F /* Release */ = {
			isa = XCBuildConfiguration;
			buildSettings = {
				ASSETCATALOG_COMPILER_APPICON_NAME = AppIcon;
				INFOPLIST_FILE = tableViewDemo/Info.plist;
				LD_RUNPATH_SEARCH_PATHS = "$(inherited) @executable_path/Frameworks";
				PRODUCT_NAME = "$(TARGET_NAME)";
			};
			name = Release;
		};
		97A1A0381B84B00500C8E93F /* Debug */ = {
			isa = XCBuildConfiguration;
			buildSettings = {
				BUNDLE_LOADER = "$(TEST_HOST)";
				FRAMEWORK_SEARCH_PATHS = (
					"$(SDKROOT)/Developer/Library/Frameworks",
					"$(inherited)",
				);
				GCC_PREPROCESSOR_DEFINITIONS = (
					"DEBUG=1",
					"$(inherited)",
				);
				INFOPLIST_FILE = tableViewDemoTests/Info.plist;
				LD_RUNPATH_SEARCH_PATHS = "$(inherited) @executable_path/Frameworks @loader_path/Frameworks";
				PRODUCT_NAME = "$(TARGET_NAME)";
				TEST_HOST = "$(BUILT_PRODUCTS_DIR)/tableViewDemo.app/tableViewDemo";
			};
			name = Debug;
		};
		97A1A0391B84B00500C8E93F /* Release */ = {
			isa = XCBuildConfiguration;
			buildSettings = {
				BUNDLE_LOADER = "$(TEST_HOST)";
				FRAMEWORK_SEARCH_PATHS = (
					"$(SDKROOT)/Developer/Library/Frameworks",
					"$(inherited)",
				);
				INFOPLIST_FILE = tableViewDemoTests/Info.plist;
				LD_RUNPATH_SEARCH_PATHS = "$(inherited) @executable_path/Frameworks @loader_path/Frameworks";
				PRODUCT_NAME = "$(TARGET_NAME)";
				TEST_HOST = "$(BUILT_PRODUCTS_DIR)/tableViewDemo.app/tableViewDemo";
			};
			name = Release;
		};
/* End XCBuildConfiguration section */

/* Begin XCConfigurationList section */
		97A1A0091B84B00500C8E93F /* Build configuration list for PBXProject "tableViewDemo" */ = {
			isa = XCConfigurationList;
			buildConfigurations = (
				97A1A0321B84B00500C8E93F /* Debug */,
				97A1A0331B84B00500C8E93F /* Release */,
			);
			defaultConfigurationIsVisible = 0;
			defaultConfigurationName = Release;
		};
		97A1A0341B84B00500C8E93F /* Build configuration list for PBXNativeTarget "tableViewDemo" */ = {
			isa = XCConfigurationList;
			buildConfigurations = (
				97A1A0351B84B00500C8E93F /* Debug */,
				97A1A0361B84B00500C8E93F /* Release */,
			);
			defaultConfigurationIsVisible = 0;
		};
		97A1A0371B84B00500C8E93F /* Build configuration list for PBXNativeTarget "tableViewDemoTests" */ = {
			isa = XCConfigurationList;
			buildConfigurations = (
				97A1A0381B84B00500C8E93F /* Debug */,
				97A1A0391B84B00500C8E93F /* Release */,
			);
			defaultConfigurationIsVisible = 0;
		};
/* End XCConfigurationList section */
	};
	rootObject = 97A1A0061B84B00500C8E93F /* Project object */;
}
